
Microsoft Visual Studio Solution File, Format Version 12.00
# Visual Studio Version 17
VisualStudioVersion = 17.4.33205.214
MinimumVisualStudioVersion = 10.0.40219.1
Project("{FAE04EC0-301F-11D3-BF4B-00C04F79EFBC}") = "ChargingStationsApp.UWP", "ChargingStationsApp.UWP\ChargingStationsApp.UWP.csproj", "{DC324C4B-9498-4961-8AC7-84253611D29E}"
EndProject
Project("{FAE04EC0-301F-11D3-BF4B-00C04F79EFBC}") = "ChargingStationsApp", "ChargingStationsApp\ChargingStationsApp.csproj", "{4F89C430-4692-44E6-831D-7873E1D7A5F0}"
EndProject
Global
	GlobalSection(SolutionConfigurationPlatforms) = preSolution
		Debug|Any CPU = Debug|Any CPU
		Debug|ARM = Debug|ARM
		Debug|x64 = Debug|x64
		Debug|x86 = Debug|x86
		Release|Any CPU = Release|Any CPU
		Release|ARM = Release|ARM
		Release|x64 = Release|x64
		Release|x86 = Release|x86
	EndGlobalSection
	GlobalSection(ProjectConfigurationPlatforms) = postSolution
		{DC324C4B-9498-4961-8AC7-84253611D29E}.Debug|Any CPU.ActiveCfg = Debug|x64
		{DC324C4B-9498-4961-8AC7-84253611D29E}.Debug|Any CPU.Build.0 = Debug|x64
		{DC324C4B-9498-4961-8AC7-84253611D29E}.Debug|Any CPU.Deploy.0 = Debug|x64
		{DC324C4B-9498-4961-8AC7-84253611D29E}.Debug|ARM.ActiveCfg = Debug|ARM
		{DC324C4B-9498-4961-8AC7-84253611D29E}.Debug|ARM.Build.0 = Debug|ARM
		{DC324C4B-9498-4961-8AC7-84253611D29E}.Debug|ARM.Deploy.0 = Debug|ARM
		{DC324C4B-9498-4961-8AC7-84253611D29E}.Debug|x64.ActiveCfg = Debug|x64
		{DC324C4B-9498-4961-8AC7-84253611D29E}.Debug|x64.Build.0 = Debug|x64
		{DC324C4B-9498-4961-8AC7-84253611D29E}.Debug|x64.Deploy.0 = Debug|x64
		{DC324C4B-9498-4961-8AC7-84253611D29E}.Debug|x86.ActiveCfg = Debug|x86
		{DC324C4B-9498-4961-8AC7-84253611D29E}.Debug|x86.Build.0 = Debug|x86
		{DC324C4B-9498-4961-8AC7-84253611D29E}.Debug|x86.Deploy.0 = Debug|x86
		{DC324C4B-9498-4961-8AC7-84253611D29E}.Release|Any CPU.ActiveCfg = Release|x64
		{DC324C4B-9498-4961-8AC7-84253611D29E}.Release|Any CPU.Build.0 = Release|x64
		{DC324C4B-9498-4961-8AC7-84253611D29E}.Release|Any CPU.Deploy.0 = Release|x64
		{DC324C4B-9498-4961-8AC7-84253611D29E}.Release|ARM.ActiveCfg = Release|ARM
		{DC324C4B-9498-4961-8AC7-84253611D29E}.Release|ARM.Build.0 = Release|ARM
		{DC324C4B-9498-4961-8AC7-84253611D29E}.Release|ARM.Deploy.0 = Release|ARM
		{DC324C4B-9498-4961-8AC7-84253611D29E}.Release|x64.ActiveCfg = Release|x64
		{DC324C4B-9498-4961-8AC7-84253611D29E}.Release|x64.Build.0 = Release|x64
		{DC324C4B-9498-4961-8AC7-84253611D29E}.Release|x64.Deploy.0 = Release|x64
		{DC324C4B-9498-4961-8AC7-84253611D29E}.Release|x86.ActiveCfg = Release|x86
		{DC324C4B-9498-4961-8AC7-84253611D29E}.Release|x86.Build.0 = Release|x86
		{DC324C4B-9498-4961-8AC7-84253611D29E}.Release|x86.Deploy.0 = Release|x86
		{4F89C430-4692-44E6-831D-7873E1D7A5F0}.Debug|Any CPU.ActiveCfg = Debug|Any CPU
		{4F89C430-4692-44E6-831D-7873E1D7A5F0}.Debug|Any CPU.Build.0 = Debug|Any CPU
		{4F89C430-4692-44E6-831D-7873E1D7A5F0}.Debug|Any CPU.Deploy.0 = Debug|Any CPU
		{4F89C430-4692-44E6-831D-7873E1D7A5F0}.Debug|ARM.ActiveCfg = Debug|Any CPU
		{4F89C430-4692-44E6-831D-7873E1D7A5F0}.Debug|ARM.Build.0 = Debug|Any CPU
		{4F89C430-4692-44E6-831D-7873E1D7A5F0}.Debug|ARM.Deploy.0 = Debug|Any CPU
		{4F89C430-4692-44E6-831D-7873E1D7A5F0}.Debug|x64.ActiveCfg = Debug|Any CPU
		{4F89C430-4692-44E6-831D-7873E1D7A5F0}.Debug|x64.Build.0 = Debug|Any CPU
		{4F89C430-4692-44E6-831D-7873E1D7A5F0}.Debug|x64.Deploy.0 = Debug|Any CPU
		{4F89C430-4692-44E6-831D-7873E1D7A5F0}.Debug|x86.ActiveCfg = Debug|Any CPU
		{4F89C430-4692-44E6-831D-7873E1D7A5F0}.Debug|x86.Build.0 = Debug|Any CPU
		{4F89C430-4692-44E6-831D-7873E1D7A5F0}.Debug|x86.Deploy.0 = Debug|Any CPU
		{4F89C430-4692-44E6-831D-7873E1D7A5F0}.Release|Any CPU.ActiveCfg = Release|Any CPU
		{4F89C430-4692-44E6-831D-7873E1D7A5F0}.Release|Any CPU.Build.0 = Release|Any CPU
		{4F89C430-4692-44E6-831D-7873E1D7A5F0}.Release|Any CPU.Deploy.0 = Release|Any CPU
		{4F89C430-4692-44E6-831D-7873E1D7A5F0}.Release|ARM.ActiveCfg = Release|Any CPU
		{4F89C430-4692-44E6-831D-7873E1D7A5F0}.Release|ARM.Build.0 = Release|Any CPU
		{4F89C430-4692-44E6-831D-7873E1D7A5F0}.Release|ARM.Deploy.0 = Release|Any CPU
		{4F89C430-4692-44E6-831D-7873E1D7A5F0}.Release|x64.ActiveCfg = Release|Any CPU
		{4F89C430-4692-44E6-831D-7873E1D7A5F0}.Release|x64.Build.0 = Release|Any CPU
		{4F89C430-4692-44E6-831D-7873E1D7A5F0}.Release|x64.Deploy.0 = Release|Any CPU
		{4F89C430-4692-44E6-831D-7873E1D7A5F0}.Release|x86.ActiveCfg = Release|Any CPU
		{4F89C430-4692-44E6-831D-7873E1D7A5F0}.Release|x86.Build.0 = Release|Any CPU
		{4F89C430-4692-44E6-831D-7873E1D7A5F0}.Release|x86.Deploy.0 = Release|Any CPU
	EndGlobalSection
	GlobalSection(SolutionProperties) = preSolution
		HideSolutionNode = FALSE
	EndGlobalSection
	GlobalSection(ExtensibilityGlobals) = postSolution
		SolutionGuid = {5F20A42C-93CE-4119-8804-C135B1F94ADB}
	EndGlobalSection
EndGlobal
